
Microsoft Visual Studio Solution File, Format Version 12.00
# Visual Studio Version 16
VisualStudioVersion = 16.0.31729.503
MinimumVisualStudioVersion = 10.0.40219.1
Project("{FAE04EC0-301F-11D3-BF4B-00C04F79EFBC}") = "Presentación", "Presentación\Presentación.csproj", "{19BB090B-F59C-4E37-BD42-03D5CFFDE5F1}"
EndProject
Global
	GlobalSection(SolutionConfigurationPlatforms) = preSolution
		Debug|Any CPU = Debug|Any CPU
		Release|Any CPU = Release|Any CPU
	EndGlobalSection
	GlobalSection(ProjectConfigurationPlatforms) = postSolution
		{19BB090B-F59C-4E37-BD42-03D5CFFDE5F1}.Debug|Any CPU.ActiveCfg = Debug|Any CPU
		{19BB090B-F59C-4E37-BD42-03D5CFFDE5F1}.Debug|Any CPU.Build.0 = Debug|Any CPU
		{19BB090B-F59C-4E37-BD42-03D5CFFDE5F1}.Release|Any CPU.ActiveCfg = Release|Any CPU
		{19BB090B-F59C-4E37-BD42-03D5CFFDE5F1}.Release|Any CPU.Build.0 = Release|Any CPU
	EndGlobalSection
	GlobalSection(SolutionProperties) = preSolution
		HideSolutionNode = FALSE
	EndGlobalSection
	GlobalSection(ExtensibilityGlobals) = postSolution
		SolutionGuid = {2159DC99-0394-4185-8F6C-F7FF1E6C517C}
	EndGlobalSection
EndGlobal
